
Microsoft Visual Studio Solution File, Format Version 12.00
# Visual Studio Version 16
VisualStudioVersion = 16.0.31129.286
MinimumVisualStudioVersion = 10.0.40219.1
Project("{FAE04EC0-301F-11D3-BF4B-00C04F79EFBC}") = "aula1", "aula1\aula1.csproj", "{364B7359-4DEB-45C5-95BC-67F7E93F3073}"
EndProject
Global
	GlobalSection(SolutionConfigurationPlatforms) = preSolution
		Debug|Any CPU = Debug|Any CPU
		Release|Any CPU = Release|Any CPU
	EndGlobalSection
	GlobalSection(ProjectConfigurationPlatforms) = postSolution
		{364B7359-4DEB-45C5-95BC-67F7E93F3073}.Debug|Any CPU.ActiveCfg = Debug|Any CPU
		{364B7359-4DEB-45C5-95BC-67F7E93F3073}.Debug|Any CPU.Build.0 = Debug|Any CPU
		{364B7359-4DEB-45C5-95BC-67F7E93F3073}.Release|Any CPU.ActiveCfg = Release|Any CPU
		{364B7359-4DEB-45C5-95BC-67F7E93F3073}.Release|Any CPU.Build.0 = Release|Any CPU
	EndGlobalSection
	GlobalSection(SolutionProperties) = preSolution
		HideSolutionNode = FALSE
	EndGlobalSection
	GlobalSection(ExtensibilityGlobals) = postSolution
		SolutionGuid = {F4D50890-D4D4-44D1-9D45-90AC47B8B416}
	EndGlobalSection
EndGlobal
